
Microsoft Visual Studio Solution File, Format Version 10.00
# Visual C# Express 2008
Project("{FAE04EC0-301F-11D3-BF4B-00C04F79EFBC}") = "WinkleExample", "WinkleExample\WinkleExample.csproj", "{D590AD8F-BBB0-4ACC-AECB-5248A8767E3A}"
EndProject
Project("{FAE04EC0-301F-11D3-BF4B-00C04F79EFBC}") = "Winkle", "Winkle\Winkle.csproj", "{C3B2A1DE-C1CB-4D4C-9075-682A31416C75}"
EndProject
Global
	GlobalSection(SolutionConfigurationPlatforms) = preSolution
		Debug|Any CPU = Debug|Any CPU
		Release|Any CPU = Release|Any CPU
	EndGlobalSection
	GlobalSection(ProjectConfigurationPlatforms) = postSolution
		{D590AD8F-BBB0-4ACC-AECB-5248A8767E3A}.Debug|Any CPU.ActiveCfg = Debug|Any CPU
		{D590AD8F-BBB0-4ACC-AECB-5248A8767E3A}.Debug|Any CPU.Build.0 = Debug|Any CPU
		{D590AD8F-BBB0-4ACC-AECB-5248A8767E3A}.Release|Any CPU.ActiveCfg = Release|Any CPU
		{D590AD8F-BBB0-4ACC-AECB-5248A8767E3A}.Release|Any CPU.Build.0 = Release|Any CPU
		{C3B2A1DE-C1CB-4D4C-9075-682A31416C75}.Debug|Any CPU.ActiveCfg = Debug|Any CPU
		{C3B2A1DE-C1CB-4D4C-9075-682A31416C75}.Debug|Any CPU.Build.0 = Debug|Any CPU
		{C3B2A1DE-C1CB-4D4C-9075-682A31416C75}.Release|Any CPU.ActiveCfg = Release|Any CPU
		{C3B2A1DE-C1CB-4D4C-9075-682A31416C75}.Release|Any CPU.Build.0 = Release|Any CPU
	EndGlobalSection
	GlobalSection(SolutionProperties) = preSolution
		HideSolutionNode = FALSE
	EndGlobalSection
EndGlobal
